admin_block:
    pattern:  /
    defaults: { _controller: "NovuscomCMFBundle:Block:index" }

admin_block_show:
    pattern:  /block-{id}/
    defaults: { _controller: "NovuscomCMFBundle:Block:show", section_id: false }
    requirements: { id: \d+ }

admin_block_show_section:
    pattern:  /block-{id}/section-{section_id}/
    defaults: { _controller: "NovuscomCMFBundle:Block:show" }
    requirements: { id: \d+, section_id: \d+ }

admin_block_new:
    pattern:  /block-new/
    defaults: { _controller: "NovuscomCMFBundle:Block:new" }

admin_block_create:
    pattern:  /block-create/
    defaults: { _controller: "NovuscomCMFBundle:Block:create" }
    requirements: { _method: post }

admin_block_edit:
    pattern:  /block-edit-{id}/
    defaults: { _controller: "NovuscomCMFBundle:Block:edit" }

admin_block_update:
    pattern:  /block-update-{id}/
    defaults: { _controller: "NovuscomCMFBundle:Block:update" }
    requirements: { _method: post|put }

admin_block_delete:
    pattern:  /block-delete-{id}/
    defaults: { _controller: "NovuscomCMFBundle:Block:delete" }
    requirements: { _method: post|delete }

admin_element_in_section:
    pattern:  /block-{id}/section-{section_id}/new-element/
    defaults: { _controller: "NovuscomCMFBundle:Element:new" }
    requirements: { id: \d+, section_id: \d+ }

admin_element_in_block:
    pattern:  /block-{id}/new-element/
    defaults: { _controller: "NovuscomCMFBundle:Element:new", section_id: false }
    requirements: { id: \d+}

admin_element_create_in_section:
    pattern:  /block-{id}/section-{section_id}/create-element/
    defaults: { _controller: "NovuscomCMFBundle:Element:create" }
    requirements: { _method: post, id: \d+, section_id: \d+ }

admin_element_create_in_block:
    pattern:  /block-{id}/create-element/
    defaults: { _controller: "NovuscomCMFBundle:Element:create", section_id: false }
    requirements: { _method: post, id: \d+, section_id: \d+ }

admin_element_edit:
    pattern:  /block-{block_id}/edit-element-{id}/
    defaults: { _controller: "NovuscomCMFBundle:Element:edit" }
    requirements: {id: \d+, block_id: \d+}

admin_element_edit_in_section:
    pattern:  /block-{block_id}/section-{section_id}/edit-element-{id}/
    defaults: { _controller: "NovuscomCMFBundle:Element:edit" }
    requirements: {id: \d+, block_id: \d+, section_id: \d+}

admin_element_update:
    pattern:  /block-{block_id}/update-element-{id}/
    defaults: { _controller: "NovuscomCMFBundle:Element:update" }
    requirements: { _method: post|put, id: \d+, block_id: \d+ }

admin_element_update_in_section:
    pattern:  /block-{block_id}/section-{section_id}/update-element-{id}/
    defaults: { _controller: "NovuscomCMFBundle:Element:update" }
    requirements: { _method: post|put, id: \d+, block_id: \d+, section_id: \d+ }

admin_element_delete:
    pattern:  /delete-element-{id}/
    defaults: { _controller: "NovuscomCMFBundle:Element:delete" }
    requirements: { _method: post|delete }

admin_delete_element_preview_picture:
    pattern:  /delete-element-preview-picture-{element_id}/
    defaults: { _controller: "NovuscomCMFBundle:Element:deletePreviewPicture" }
    requirements: { _method: post|delete, element_id: \d+}